// !$*UTF8*$!
{
	archiveVersion = 1;
	classes = {
	};
	objectVersion = 50;
	objects = {

/* Begin PBXBuildFile section */
		63EC756321EDB0B200406876 /* AppDelegate.swift in Sources */ = {isa = PBXBuildFile; fileRef = 63EC756221EDB0B200406876 /* AppDelegate.swift */; };
		63EC756521EDB0B200406876 /* ViewController.swift in Sources */ = {isa = PBXBuildFile; fileRef = 63EC756421EDB0B200406876 /* ViewController.swift */; };
		63EC756821EDB0B200406876 /* Main.storyboard in Resources */ = {isa = PBXBuildFile; fileRef = 63EC756621EDB0B200406876 /* Main.storyboard */; };
		63EC756A21EDB0BC00406876 /* Assets.xcassets in Resources */ = {isa = PBXBuildFile; fileRef = 63EC756921EDB0BC00406876 /* Assets.xcassets */; };
		63EC756D21EDB0BC00406876 /* LaunchScreen.storyboard in Resources */ = {isa = PBXBuildFile; fileRef = 63EC756B21EDB0BC00406876 /* LaunchScreen.storyboard */; };
		63EC757821EDB0BD00406876 /* MealendarTests.swift in Sources */ = {isa = PBXBuildFile; fileRef = 63EC757721EDB0BD00406876 /* MealendarTests.swift */; };
		63EC758321EDB0BD00406876 /* MealendarUITests.swift in Sources */ = {isa = PBXBuildFile; fileRef = 63EC758221EDB0BD00406876 /* MealendarUITests.swift */; };
/* End PBXBuildFile section */

/* Begin PBXContainerItemProxy section */
		63EC757421EDB0BD00406876 /* PBXContainerItemProxy */ = {
			isa = PBXContainerItemProxy;
			containerPortal = 63EC755721EDB0B100406876 /* Project object */;
			proxyType = 1;
			remoteGlobalIDString = 63EC755E21EDB0B100406876;
			remoteInfo = Mealendar;
		};
		63EC757F21EDB0BD00406876 /* PBXContainerItemProxy */ = {
			isa = PBXContainerItemProxy;
			containerPortal = 63EC755721EDB0B100406876 /* Project object */;
			proxyType = 1;
			remoteGlobalIDString = 63EC755E21EDB0B100406876;
			remoteInfo = Mealendar;
		};
/* End PBXContainerItemProxy section */

/* Begin PBXFileReference section */
		63EC755F21EDB0B200406876 /* Mealendar.app */ = {isa = PBXFileReference; explicitFileType = wrapper.application; includeInIndex = 0; path = Mealendar.app; sourceTree = BUILT_PRODUCTS_DIR; };
		63EC756221EDB0B200406876 /* AppDelegate.swift */ = {isa = PBXFileReference; lastKnownFileType = sourcecode.swift; path = AppDelegate.swift; sourceTree = "<group>"; };
		63EC756421EDB0B200406876 /* ViewController.swift */ = {isa = PBXFileReference; lastKnownFileType = sourcecode.swift; path = ViewController.swift; sourceTree = "<group>"; };
		63EC756721EDB0B200406876 /* Base */ = {isa = PBXFileReference; lastKnownFileType = file.storyboard; name = Base; path = Base.lproj/Main.storyboard; sourceTree = "<group>"; };
		63EC756921EDB0BC00406876 /* Assets.xcassets */ = {isa = PBXFileReference; lastKnownFileType = folder.assetcatalog; path = Assets.xcassets; sourceTree = "<group>"; };
		63EC756C21EDB0BC00406876 /* Base */ = {isa = PBXFileReference; lastKnownFileType = file.storyboard; name = Base; path = Base.lproj/LaunchScreen.storyboard; sourceTree = "<group>"; };
		63EC756E21EDB0BC00406876 /* Info.plist */ = {isa = PBXFileReference; lastKnownFileType = text.plist.xml; path = Info.plist; sourceTree = "<group>"; };
		63EC757321EDB0BD00406876 /* MealendarTests.xctest */ = {isa = PBXFileReference; explicitFileType = wrapper.cfbundle; includeInIndex = 0; path = MealendarTests.xctest; sourceTree = BUILT_PRODUCTS_DIR; };
		63EC757721EDB0BD00406876 /* MealendarTests.swift */ = {isa = PBXFileReference; lastKnownFileType = sourcecode.swift; path = MealendarTests.swift; sourceTree = "<group>"; };
		63EC757921EDB0BD00406876 /* Info.plist */ = {isa = PBXFileReference; lastKnownFileType = text.plist.xml; path = Info.plist; sourceTree = "<group>"; };
		63EC757E21EDB0BD00406876 /* MealendarUITests.xctest */ = {isa = PBXFileReference; explicitFileType = wrapper.cfbundle; includeInIndex = 0; path = MealendarUITests.xctest; sourceTree = BUILT_PRODUCTS_DIR; };
		63EC758221EDB0BD00406876 /* MealendarUITests.swift */ = {isa = PBXFileReference; lastKnownFileType = sourcecode.swift; path = MealendarUITests.swift; sourceTree = "<group>"; };
		63EC758421EDB0BD00406876 /* Info.plist */ = {isa = PBXFileReference; lastKnownFileType = text.plist.xml; path = Info.plist; sourceTree = "<group>"; };
/* End PBXFileReference section */

/* Begin PBXFrameworksBuildPhase section */
		63EC755C21EDB0B100406876 /* Frameworks */ = {
			isa = PBXFrameworksBuildPhase;
			buildActionMask = 2147483647;
			files = (
			);
			runOnlyForDeploymentPostprocessing = 0;
		};
		63EC757021EDB0BD00406876 /* Frameworks */ = {
			isa = PBXFrameworksBuildPhase;
			buildActionMask = 2147483647;
			files = (
			);
			runOnlyForDeploymentPostprocessing = 0;
		};
		63EC757B21EDB0BD00406876 /* Frameworks */ = {
			isa = PBXFrameworksBuildPhase;
			buildActionMask = 2147483647;
			files = (
			);
			runOnlyForDeploymentPostprocessing = 0;
		};
/* End PBXFrameworksBuildPhase section */

/* Begin PBXGroup section */
		63EC755621EDB0B100406876 = {
			isa = PBXGroup;
			children = (
				63EC756121EDB0B200406876 /* Mealendar */,
				63EC757621EDB0BD00406876 /* MealendarTests */,
				63EC758121EDB0BD00406876 /* MealendarUITests */,
				63EC756021EDB0B200406876 /* Products */,
			);
			sourceTree = "<group>";
		};
		63EC756021EDB0B200406876 /* Products */ = {
			isa = PBXGroup;
			children = (
				63EC755F21EDB0B200406876 /* Mealendar.app */,
				63EC757321EDB0BD00406876 /* MealendarTests.xctest */,
				63EC757E21EDB0BD00406876 /* MealendarUITests.xctest */,
			);
			name = Products;
			sourceTree = "<group>";
		};
		63EC756121EDB0B200406876 /* Mealendar */ = {
			isa = PBXGroup;
			children = (
				63EC756221EDB0B200406876 /* AppDelegate.swift */,
				63EC756421EDB0B200406876 /* ViewController.swift */,
				63EC756621EDB0B200406876 /* Main.storyboard */,
				63EC756921EDB0BC00406876 /* Assets.xcassets */,
				63EC756B21EDB0BC00406876 /* LaunchScreen.storyboard */,
				63EC756E21EDB0BC00406876 /* Info.plist */,
			);
			path = Mealendar;
			sourceTree = "<group>";
		};
		63EC757621EDB0BD00406876 /* MealendarTests */ = {
			isa = PBXGroup;
			children = (
				63EC757721EDB0BD00406876 /* MealendarTests.swift */,
				63EC757921EDB0BD00406876 /* Info.plist */,
			);
			path = MealendarTests;
			sourceTree = "<group>";
		};
		63EC758121EDB0BD00406876 /* MealendarUITests */ = {
			isa = PBXGroup;
			children = (
				63EC758221EDB0BD00406876 /* MealendarUITests.swift */,
				63EC758421EDB0BD00406876 /* Info.plist */,
			);
			path = MealendarUITests;
			sourceTree = "<group>";
		};
/* End PBXGroup section */

/* Begin PBXNativeTarget section */
		63EC755E21EDB0B100406876 /* Mealendar */ = {
			isa = PBXNativeTarget;
			buildConfigurationList = 63EC758721EDB0BD00406876 /* Build configuration list for PBXNativeTarget "Mealendar" */;
			buildPhases = (
				63EC755B21EDB0B100406876 /* Sources */,
				63EC755C21EDB0B100406876 /* Frameworks */,
				63EC755D21EDB0B100406876 /* Resources */,
			);
			buildRules = (
			);
			dependencies = (
			);
			name = Mealendar;
			productName = Mealendar;
			productReference = 63EC755F21EDB0B200406876 /* Mealendar.app */;
			productType = "com.apple.product-type.application";
		};
		63EC757221EDB0BD00406876 /* MealendarTests */ = {
			isa = PBXNativeTarget;
			buildConfigurationList = 63EC758A21EDB0BD00406876 /* Build configuration list for PBXNativeTarget "MealendarTests" */;
			buildPhases = (
				63EC756F21EDB0BD00406876 /* Sources */,
				63EC757021EDB0BD00406876 /* Frameworks */,
				63EC757121EDB0BD00406876 /* Resources */,
			);
			buildRules = (
			);
			dependencies = (
				63EC757521EDB0BD00406876 /* PBXTargetDependency */,
			);
			name = MealendarTests;
			productName = MealendarTests;
			productReference = 63EC757321EDB0BD00406876 /* MealendarTests.xctest */;
			productType = "com.apple.product-type.bundle.unit-test";
		};
		63EC757D21EDB0BD00406876 /* MealendarUITests */ = {
			isa = PBXNativeTarget;
			buildConfigurationList = 63EC758D21EDB0BD00406876 /* Build configuration list for PBXNativeTarget "MealendarUITests" */;
			buildPhases = (
				63EC757A21EDB0BD00406876 /* Sources */,
				63EC757B21EDB0BD00406876 /* Frameworks */,
				63EC757C21EDB0BD00406876 /* Resources */,
			);
			buildRules = (
			);
			dependencies = (
				63EC758021EDB0BD00406876 /* PBXTargetDependency */,
			);
			name = MealendarUITests;
			productName = MealendarUITests;
			productReference = 63EC757E21EDB0BD00406876 /* MealendarUITests.xctest */;
			productType = "com.apple.product-type.bundle.ui-testing";
		};
/* End PBXNativeTarget section */

/* Begin PBXProject section */
		63EC755721EDB0B100406876 /* Project object */ = {
			isa = PBXProject;
			attributes = {
				LastSwiftUpdateCheck = 1010;
				LastUpgradeCheck = 1010;
				ORGANIZATIONNAME = "Hideaki Ito";
				TargetAttributes = {
					63EC755E21EDB0B100406876 = {
						CreatedOnToolsVersion = 10.1;
					};
					63EC757221EDB0BD00406876 = {
						CreatedOnToolsVersion = 10.1;
						TestTargetID = 63EC755E21EDB0B100406876;
					};
					63EC757D21EDB0BD00406876 = {
						CreatedOnToolsVersion = 10.1;
						TestTargetID = 63EC755E21EDB0B100406876;
					};
				};
			};
			buildConfigurationList = 63EC755A21EDB0B100406876 /* Build configuration list for PBXProject "Mealendar" */;
			compatibilityVersion = "Xcode 9.3";
			developmentRegion = en;
			hasScannedForEncodings = 0;
			knownRegions = (
				en,
				Base,
			);
			mainGroup = 63EC755621EDB0B100406876;
			productRefGroup = 63EC756021EDB0B200406876 /* Products */;
			projectDirPath = "";
			projectRoot = "";
			targets = (
				63EC755E21EDB0B100406876 /* Mealendar */,
				63EC757221EDB0BD00406876 /* MealendarTests */,
				63EC757D21EDB0BD00406876 /* MealendarUITests */,
			);
		};
/* End PBXProject section */

/* Begin PBXResourcesBuildPhase section */
		63EC755D21EDB0B100406876 /* Resources */ = {
			isa = PBXResourcesBuildPhase;
			buildActionMask = 2147483647;
			files = (
				63EC756D21EDB0BC00406876 /* LaunchScreen.storyboard in Resources */,
				63EC756A21EDB0BC00406876 /* Assets.xcassets in Resources */,
				63EC756821EDB0B200406876 /* Main.storyboard in Resources */,
			);
			runOnlyForDeploymentPostprocessing = 0;
		};
		63EC757121EDB0BD00406876 /* Resources */ = {
			isa = PBXResourcesBuildPhase;
			buildActionMask = 2147483647;
			files = (
			);
			runOnlyForDeploymentPostprocessing = 0;
		};
		63EC757C21EDB0BD00406876 /* Resources */ = {
			isa = PBXResourcesBuildPhase;
			buildActionMask = 2147483647;
			files = (
			);
			runOnlyForDeploymentPostprocessing = 0;
		};
/* End PBXResourcesBuildPhase section */

/* Begin PBXSourcesBuildPhase section */
		63EC755B21EDB0B100406876 /* Sources */ = {
			isa = PBXSourcesBuildPhase;
			buildActionMask = 2147483647;
			files = (
				63EC756521EDB0B200406876 /* ViewController.swift in Sources */,
				63EC756321EDB0B200406876 /* AppDelegate.swift in Sources */,
			);
			runOnlyForDeploymentPostprocessing = 0;
		};
		63EC756F21EDB0BD00406876 /* Sources */ = {
			isa = PBXSourcesBuildPhase;
			buildActionMask = 2147483647;
			files = (
				63EC757821EDB0BD00406876 /* MealendarTests.swift in Sources */,
			);
			runOnlyForDeploymentPostprocessing = 0;
		};
		63EC757A21EDB0BD00406876 /* Sources */ = {
			isa = PBXSourcesBuildPhase;
			buildActionMask = 2147483647;
			files = (
				63EC758321EDB0BD00406876 /* MealendarUITests.swift in Sources */,
			);
			runOnlyForDeploymentPostprocessing = 0;
		};
/* End PBXSourcesBuildPhase section */

/* Begin PBXTargetDependency section */
		63EC757521EDB0BD00406876 /* PBXTargetDependency */ = {
			isa = PBXTargetDependency;
			target = 63EC755E21EDB0B100406876 /* Mealendar */;
			targetProxy = 63EC757421EDB0BD00406876 /* PBXContainerItemProxy */;
		};
		63EC758021EDB0BD00406876 /* PBXTargetDependency */ = {
			isa = PBXTargetDependency;
			target = 63EC755E21EDB0B100406876 /* Mealendar */;
			targetProxy = 63EC757F21EDB0BD00406876 /* PBXContainerItemProxy */;
		};
/* End PBXTargetDependency section */

/* Begin PBXVariantGroup section */
		63EC756621EDB0B200406876 /* Main.storyboard */ = {
			isa = PBXVariantGroup;
			children = (
				63EC756721EDB0B200406876 /* Base */,
			);
			name = Main.storyboard;
			sourceTree = "<group>";
		};
		63EC756B21EDB0BC00406876 /* LaunchScreen.storyboard */ = {
			isa = PBXVariantGroup;
			children = (
				63EC756C21EDB0BC00406876 /* Base */,
			);
			name = LaunchScreen.storyboard;
			sourceTree = "<group>";
		};
/* End PBXVariantGroup section */

/* Begin XCBuildConfiguration section */
		63EC758521EDB0BD00406876 /* Debug */ = {
			isa = XCBuildConfiguration;
			buildSettings = {
				ALWAYS_SEARCH_USER_PATHS = NO;
				CLANG_ANALYZER_NONNULL = YES;
				CLANG_ANALYZER_NUMBER_OBJECT_CONVERSION = YES_AGGRESSIVE;
				CLANG_CXX_LANGUAGE_STANDARD = "gnu++14";
				CLANG_CXX_LIBRARY = "libc++";
				CLANG_ENABLE_MODULES = YES;
				CLANG_ENABLE_OBJC_ARC = YES;
				CLANG_ENABLE_OBJC_WEAK = YES;
				CLANG_WARN_BLOCK_CAPTURE_AUTORELEASING = YES;
				CLANG_WARN_BOOL_CONVERSION = YES;
				CLANG_WARN_COMMA = YES;
				CLANG_WARN_CONSTANT_CONVERSION = YES;
				CLANG_WARN_DEPRECATED_OBJC_IMPLEMENTATIONS = YES;
				CLANG_WARN_DIRECT_OBJC_ISA_USAGE = YES_ERROR;
				CLANG_WARN_DOCUMENTATION_COMMENTS = YES;
				CLANG_WARN_EMPTY_BODY = YES;
				CLANG_WARN_ENUM_CONVERSION = YES;
				CLANG_WARN_INFINITE_RECURSION = YES;
				CLANG_WARN_INT_CONVERSION = YES;
				CLANG_WARN_NON_LITERAL_NULL_CONVERSION = YES;
				CLANG_WARN_OBJC_IMPLICIT_RETAIN_SELF = YES;
				CLANG_WARN_OBJC_LITERAL_CONVERSION = YES;
				CLANG_WARN_OBJC_ROOT_CLASS = YES_ERROR;
				CLANG_WARN_RANGE_LOOP_ANALYSIS = YES;
				CLANG_WARN_STRICT_PROTOTYPES = YES;
				CLANG_WARN_SUSPICIOUS_MOVE = YES;
				CLANG_WARN_UNGUARDED_AVAILABILITY = YES_AGGRESSIVE;
				CLANG_WARN_UNREACHABLE_CODE = YES;
				CLANG_WARN__DUPLICATE_METHOD_MATCH = YES;
				CODE_SIGN_IDENTITY = "iPhone Developer";
				COPY_PHASE_STRIP = NO;
				DEBUG_INFORMATION_FORMAT = dwarf;
				ENABLE_STRICT_OBJC_MSGSEND = YES;
				ENABLE_TESTABILITY = YES;
				GCC_C_LANGUAGE_STANDARD = gnu11;
				GCC_DYNAMIC_NO_PIC = NO;
				GCC_NO_COMMON_BLOCKS = YES;
				GCC_OPTIMIZATION_LEVEL = 0;
				GCC_PREPROCESSOR_DEFINITIONS = (
					"DEBUG=1",
					"$(inherited)",
				);
				GCC_WARN_64_TO_32_BIT_CONVERSION = YES;
				GCC_WARN_ABOUT_RETURN_TYPE = YES_ERROR;
				GCC_WARN_UNDECLARED_SELECTOR = YES;
				GCC_WARN_UNINITIALIZED_AUTOS = YES_AGGRESSIVE;
				GCC_WARN_UNUSED_FUNCTION = YES;
				GCC_WARN_UNUSED_VARIABLE = YES;
				IPHONEOS_DEPLOYMENT_TARGET = 12.1;
				MTL_ENABLE_DEBUG_INFO = INCLUDE_SOURCE;
				MTL_FAST_MATH = YES;
				ONLY_ACTIVE_ARCH = YES;
				SDKROOT = iphoneos;
				SWIFT_ACTIVE_COMPILATION_CONDITIONS = DEBUG;
				SWIFT_OPTIMIZATION_LEVEL = "-Onone";
			};
			name = Debug;
		};
		63EC758621EDB0BD00406876 /* Release */ = {
			isa = XCBuildConfiguration;
			buildSettings = {
				ALWAYS_SEARCH_USER_PATHS = NO;
				CLANG_ANALYZER_NONNULL = YES;
				CLANG_ANALYZER_NUMBER_OBJECT_CONVERSION = YES_AGGRESSIVE;
				CLANG_CXX_LANGUAGE_STANDARD = "gnu++14";
				CLANG_CXX_LIBRARY = "libc++";
				CLANG_ENABLE_MODULES = YES;
				CLANG_ENABLE_OBJC_ARC = YES;
				CLANG_ENABLE_OBJC_WEAK = YES;
				CLANG_WARN_BLOCK_CAPTURE_AUTORELEASING = YES;
				CLANG_WARN_BOOL_CONVERSION = YES;
				CLANG_WARN_COMMA = YES;
				CLANG_WARN_CONSTANT_CONVERSION = YES;
				CLANG_WARN_DEPRECATED_OBJC_IMPLEMENTATIONS = YES;
				CLANG_WARN_DIRECT_OBJC_ISA_USAGE = YES_ERROR;
				CLANG_WARN_DOCUMENTATION_COMMENTS = YES;
				CLANG_WARN_EMPTY_BODY = YES;
				CLANG_WARN_ENUM_CONVERSION = YES;
				CLANG_WARN_INFINITE_RECURSION = YES;
				CLANG_WARN_INT_CONVERSION = YES;
				CLANG_WARN_NON_LITERAL_NULL_CONVERSION = YES;
				CLANG_WARN_OBJC_IMPLICIT_RETAIN_SELF = YES;
				CLANG_WARN_OBJC_LITERAL_CONVERSION = YES;
				CLANG_WARN_OBJC_ROOT_CLASS = YES_ERROR;
				CLANG_WARN_RANGE_LOOP_ANALYSIS = YES;
				CLANG_WARN_STRICT_PROTOTYPES = YES;
				CLANG_WARN_SUSPICIOUS_MOVE = YES;
				CLANG_WARN_UNGUARDED_AVAILABILITY = YES_AGGRESSIVE;
				CLANG_WARN_UNREACHABLE_CODE = YES;
				CLANG_WARN__DUPLICATE_METHOD_MATCH = YES;
				CODE_SIGN_IDENTITY = "iPhone Developer";
				COPY_PHASE_STRIP = NO;
				DEBUG_INFORMATION_FORMAT = "dwarf-with-dsym";
				ENABLE_NS_ASSERTIONS = NO;
				ENABLE_STRICT_OBJC_MSGSEND = YES;
				GCC_C_LANGUAGE_STANDARD = gnu11;
				GCC_NO_COMMON_BLOCKS = YES;
				GCC_WARN_64_TO_32_BIT_CONVERSION = YES;
				GCC_WARN_ABOUT_RETURN_TYPE = YES_ERROR;
				GCC_WARN_UNDECLARED_SELECTOR = YES;
				GCC_WARN_UNINITIALIZED_AUTOS = YES_AGGRESSIVE;
				GCC_WARN_UNUSED_FUNCTION = YES;
				GCC_WARN_UNUSED_VARIABLE = YES;
				IPHONEOS_DEPLOYMENT_TARGET = 12.1;
				MTL_ENABLE_DEBUG_INFO = NO;
				MTL_FAST_MATH = YES;
				SDKROOT = iphoneos;
				SWIFT_COMPILATION_MODE = wholemodule;
				SWIFT_OPTIMIZATION_LEVEL = "-O";
				VALIDATE_PRODUCT = YES;
			};
			name = Release;
		};
		63EC758821EDB0BD00406876 /* Debug */ = {
			isa = XCBuildConfiguration;
			buildSettings = {
				ASSETCATALOG_COMPILER_APPICON_NAME = AppIcon;
				CODE_SIGN_STYLE = Automatic;
				INFOPLIST_FILE = Mealendar/Info.plist;
				LD_RUNPATH_SEARCH_PATHS = (
					"$(inherited)",
					"@executable_path/Frameworks",
				);
				PRODUCT_BUNDLE_IDENTIFIER = itohdak.com.Mealendar;
				PRODUCT_NAME = "$(TARGET_NAME)";
				SWIFT_VERSION = 4.2;
				TARGETED_DEVICE_FAMILY = "1,2";
			};
			name = Debug;
		};
		63EC758921EDB0BD00406876 /* Release */ = {
			isa = XCBuildConfiguration;
			buildSettings = {
				ASSETCATALOG_COMPILER_APPICON_NAME = AppIcon;
				CODE_SIGN_STYLE = Automatic;
				INFOPLIST_FILE = Mealendar/Info.plist;
				LD_RUNPATH_SEARCH_PATHS = (
					"$(inherited)",
					"@executable_path/Frameworks",
				);
				PRODUCT_BUNDLE_IDENTIFIER = itohdak.com.Mealendar;
				PRODUCT_NAME = "$(TARGET_NAME)";
				SWIFT_VERSION = 4.2;
				TARGETED_DEVICE_FAMILY = "1,2";
			};
			name = Release;
		};
		63EC758B21EDB0BD00406876 /* Debug */ = {
			isa = XCBuildConfiguration;
			buildSettings = {
				ALWAYS_EMBED_SWIFT_STANDARD_LIBRARIES = YES;
				BUNDLE_LOADER = "$(TEST_HOST)";
				CODE_SIGN_STYLE = Automatic;
				INFOPLIST_FILE = MealendarTests/Info.plist;
				LD_RUNPATH_SEARCH_PATHS = (
					"$(inherited)",
					"@executable_path/Frameworks",
					"@loader_path/Frameworks",
				);
				PRODUCT_BUNDLE_IDENTIFIER = itohdak.com.MealendarTests;
				PRODUCT_NAME = "$(TARGET_NAME)";
				SWIFT_VERSION = 4.2;
				TARGETED_DEVICE_FAMILY = "1,2";
				TEST_HOST = "$(BUILT_PRODUCTS_DIR)/Mealendar.app/Mealendar";
			};
			name = Debug;
		};
		63EC758C21EDB0BD00406876 /* Release */ = {
			isa = XCBuildConfiguration;
			buildSettings = {
				ALWAYS_EMBED_SWIFT_STANDARD_LIBRARIES = YES;
				BUNDLE_LOADER = "$(TEST_HOST)";
				CODE_SIGN_STYLE = Automatic;
				INFOPLIST_FILE = MealendarTests/Info.plist;
				LD_RUNPATH_SEARCH_PATHS = (
					"$(inherited)",
					"@executable_path/Frameworks",
					"@loader_path/Frameworks",
				);
				PRODUCT_BUNDLE_IDENTIFIER = itohdak.com.MealendarTests;
				PRODUCT_NAME = "$(TARGET_NAME)";
				SWIFT_VERSION = 4.2;
				TARGETED_DEVICE_FAMILY = "1,2";
				TEST_HOST = "$(BUILT_PRODUCTS_DIR)/Mealendar.app/Mealendar";
			};
			name = Release;
		};
		63EC758E21EDB0BD00406876 /* Debug */ = {
			isa = XCBuildConfiguration;
			buildSettings = {
				ALWAYS_EMBED_SWIFT_STANDARD_LIBRARIES = YES;
				CODE_SIGN_STYLE = Automatic;
				INFOPLIST_FILE = MealendarUITests/Info.plist;
				LD_RUNPATH_SEARCH_PATHS = (
					"$(inherited)",
					"@executable_path/Frameworks",
					"@loader_path/Frameworks",
				);
				PRODUCT_BUNDLE_IDENTIFIER = itohdak.com.MealendarUITests;
				PRODUCT_NAME = "$(TARGET_NAME)";
				SWIFT_VERSION = 4.2;
				TARGETED_DEVICE_FAMILY = "1,2";
				TEST_TARGET_NAME = Mealendar;
			};
			name = Debug;
		};
		63EC758F21EDB0BD00406876 /* Release */ = {
			isa = XCBuildConfiguration;
			buildSettings = {
				ALWAYS_EMBED_SWIFT_STANDARD_LIBRARIES = YES;
				CODE_SIGN_STYLE = Automatic;
				INFOPLIST_FILE = MealendarUITests/Info.plist;
				LD_RUNPATH_SEARCH_PATHS = (
					"$(inherited)",
					"@executable_path/Frameworks",
					"@loader_path/Frameworks",
				);
				PRODUCT_BUNDLE_IDENTIFIER = itohdak.com.MealendarUITests;
				PRODUCT_NAME = "$(TARGET_NAME)";
				SWIFT_VERSION = 4.2;
				TARGETED_DEVICE_FAMILY = "1,2";
				TEST_TARGET_NAME = Mealendar;
			};
			name = Release;
		};
/* End XCBuildConfiguration section */

/* Begin XCConfigurationList section */
		63EC755A21EDB0B100406876 /* Build configuration list for PBXProject "Mealendar" */ = {
			isa = XCConfigurationList;
			buildConfigurations = (
				63EC758521EDB0BD00406876 /* Debug */,
				63EC758621EDB0BD00406876 /* Release */,
			);
			defaultConfigurationIsVisible = 0;
			defaultConfigurationName = Release;
		};
		63EC758721EDB0BD00406876 /* Build configuration list for PBXNativeTarget "Mealendar" */ = {
			isa = XCConfigurationList;
			buildConfigurations = (
				63EC758821EDB0BD00406876 /* Debug */,
				63EC758921EDB0BD00406876 /* Release */,
			);
			defaultConfigurationIsVisible = 0;
			defaultConfigurationName = Release;
		};
		63EC758A21EDB0BD00406876 /* Build configuration list for PBXNativeTarget "MealendarTests" */ = {
			isa = XCConfigurationList;
			buildConfigurations = (
				63EC758B21EDB0BD00406876 /* Debug */,
				63EC758C21EDB0BD00406876 /* Release */,
			);
			defaultConfigurationIsVisible = 0;
			defaultConfigurationName = Release;
		};
		63EC758D21EDB0BD00406876 /* Build configuration list for PBXNativeTarget "MealendarUITests" */ = {
			isa = XCConfigurationList;
			buildConfigurations = (
				63EC758E21EDB0BD00406876 /* Debug */,
				63EC758F21EDB0BD00406876 /* Release */,
			);
			defaultConfigurationIsVisible = 0;
			defaultConfigurationName = Release;
		};
/* End XCConfigurationList section */
	};
	rootObject = 63EC755721EDB0B100406876 /* Project object */;
}
